
Microsoft Visual Studio Solution File, Format Version 12.00
# Visual Studio 2013
VisualStudioVersion = 12.0.21005.1
MinimumVisualStudioVersion = 10.0.40219.1
Project("{FAE04EC0-301F-11D3-BF4B-00C04F79EFBC}") = "PlayM_GUI", "PlayM_GUI\PlayM_GUI.csproj", "{5EDC3BA8-127A-405A-8FBB-E9F4637977FD}"
EndProject
Project("{FAE04EC0-301F-11D3-BF4B-00C04F79EFBC}") = "PlayM_Controller_Legacy", "PlayM_Controller_Legacy\PlayM_Controller_Legacy.csproj", "{6DA1CA5D-FAE6-4268-8C93-D2DB15A14284}"
EndProject
Project("{2150E333-8FDC-42A3-9474-1A3956D46DE8}") = "Solution Items", "Solution Items", "{45640D10-0B1C-4E1D-B6D5-BC287B872F6A}"
	ProjectSection(SolutionItems) = preProject
		README.txt = README.txt
	EndProjectSection
EndProject
Project("{FAE04EC0-301F-11D3-BF4B-00C04F79EFBC}") = "Pupi", "Pupi\Pupi.csproj", "{6BB5128D-9A54-4EDD-BD73-F27A96CEE819}"
EndProject
Global
	GlobalSection(SolutionConfigurationPlatforms) = preSolution
		Debug|Any CPU = Debug|Any CPU
		Debug|ARM = Debug|ARM
		Debug|x64 = Debug|x64
		Debug|x86 = Debug|x86
		Release|Any CPU = Release|Any CPU
		Release|ARM = Release|ARM
		Release|x64 = Release|x64
		Release|x86 = Release|x86
	EndGlobalSection
	GlobalSection(ProjectConfigurationPlatforms) = postSolution
		{5EDC3BA8-127A-405A-8FBB-E9F4637977FD}.Debug|Any CPU.ActiveCfg = Debug|Any CPU
		{5EDC3BA8-127A-405A-8FBB-E9F4637977FD}.Debug|Any CPU.Build.0 = Debug|Any CPU
		{5EDC3BA8-127A-405A-8FBB-E9F4637977FD}.Debug|ARM.ActiveCfg = Debug|Any CPU
		{5EDC3BA8-127A-405A-8FBB-E9F4637977FD}.Debug|x64.ActiveCfg = Debug|Any CPU
		{5EDC3BA8-127A-405A-8FBB-E9F4637977FD}.Debug|x86.ActiveCfg = Debug|Any CPU
		{5EDC3BA8-127A-405A-8FBB-E9F4637977FD}.Release|Any CPU.ActiveCfg = Release|Any CPU
		{5EDC3BA8-127A-405A-8FBB-E9F4637977FD}.Release|Any CPU.Build.0 = Release|Any CPU
		{5EDC3BA8-127A-405A-8FBB-E9F4637977FD}.Release|ARM.ActiveCfg = Release|Any CPU
		{5EDC3BA8-127A-405A-8FBB-E9F4637977FD}.Release|x64.ActiveCfg = Release|Any CPU
		{5EDC3BA8-127A-405A-8FBB-E9F4637977FD}.Release|x86.ActiveCfg = Release|Any CPU
		{6DA1CA5D-FAE6-4268-8C93-D2DB15A14284}.Debug|Any CPU.ActiveCfg = Debug|Any CPU
		{6DA1CA5D-FAE6-4268-8C93-D2DB15A14284}.Debug|Any CPU.Build.0 = Debug|Any CPU
		{6DA1CA5D-FAE6-4268-8C93-D2DB15A14284}.Debug|ARM.ActiveCfg = Debug|Any CPU
		{6DA1CA5D-FAE6-4268-8C93-D2DB15A14284}.Debug|x64.ActiveCfg = Debug|Any CPU
		{6DA1CA5D-FAE6-4268-8C93-D2DB15A14284}.Debug|x86.ActiveCfg = Debug|Any CPU
		{6DA1CA5D-FAE6-4268-8C93-D2DB15A14284}.Release|Any CPU.ActiveCfg = Release|Any CPU
		{6DA1CA5D-FAE6-4268-8C93-D2DB15A14284}.Release|Any CPU.Build.0 = Release|Any CPU
		{6DA1CA5D-FAE6-4268-8C93-D2DB15A14284}.Release|ARM.ActiveCfg = Release|Any CPU
		{6DA1CA5D-FAE6-4268-8C93-D2DB15A14284}.Release|x64.ActiveCfg = Release|Any CPU
		{6DA1CA5D-FAE6-4268-8C93-D2DB15A14284}.Release|x86.ActiveCfg = Release|Any CPU
		{6BB5128D-9A54-4EDD-BD73-F27A96CEE819}.Debug|Any CPU.ActiveCfg = Debug|Any CPU
		{6BB5128D-9A54-4EDD-BD73-F27A96CEE819}.Debug|Any CPU.Build.0 = Debug|Any CPU
		{6BB5128D-9A54-4EDD-BD73-F27A96CEE819}.Debug|Any CPU.Deploy.0 = Debug|Any CPU
		{6BB5128D-9A54-4EDD-BD73-F27A96CEE819}.Debug|ARM.ActiveCfg = Debug|ARM
		{6BB5128D-9A54-4EDD-BD73-F27A96CEE819}.Debug|ARM.Build.0 = Debug|ARM
		{6BB5128D-9A54-4EDD-BD73-F27A96CEE819}.Debug|ARM.Deploy.0 = Debug|ARM
		{6BB5128D-9A54-4EDD-BD73-F27A96CEE819}.Debug|x64.ActiveCfg = Debug|x64
		{6BB5128D-9A54-4EDD-BD73-F27A96CEE819}.Debug|x64.Build.0 = Debug|x64
		{6BB5128D-9A54-4EDD-BD73-F27A96CEE819}.Debug|x64.Deploy.0 = Debug|x64
		{6BB5128D-9A54-4EDD-BD73-F27A96CEE819}.Debug|x86.ActiveCfg = Debug|x86
		{6BB5128D-9A54-4EDD-BD73-F27A96CEE819}.Debug|x86.Build.0 = Debug|x86
		{6BB5128D-9A54-4EDD-BD73-F27A96CEE819}.Debug|x86.Deploy.0 = Debug|x86
		{6BB5128D-9A54-4EDD-BD73-F27A96CEE819}.Release|Any CPU.ActiveCfg = Release|Any CPU
		{6BB5128D-9A54-4EDD-BD73-F27A96CEE819}.Release|Any CPU.Build.0 = Release|Any CPU
		{6BB5128D-9A54-4EDD-BD73-F27A96CEE819}.Release|Any CPU.Deploy.0 = Release|Any CPU
		{6BB5128D-9A54-4EDD-BD73-F27A96CEE819}.Release|ARM.ActiveCfg = Release|ARM
		{6BB5128D-9A54-4EDD-BD73-F27A96CEE819}.Release|ARM.Build.0 = Release|ARM
		{6BB5128D-9A54-4EDD-BD73-F27A96CEE819}.Release|ARM.Deploy.0 = Release|ARM
		{6BB5128D-9A54-4EDD-BD73-F27A96CEE819}.Release|x64.ActiveCfg = Release|x64
		{6BB5128D-9A54-4EDD-BD73-F27A96CEE819}.Release|x64.Build.0 = Release|x64
		{6BB5128D-9A54-4EDD-BD73-F27A96CEE819}.Release|x64.Deploy.0 = Release|x64
		{6BB5128D-9A54-4EDD-BD73-F27A96CEE819}.Release|x86.ActiveCfg = Release|x86
		{6BB5128D-9A54-4EDD-BD73-F27A96CEE819}.Release|x86.Build.0 = Release|x86
		{6BB5128D-9A54-4EDD-BD73-F27A96CEE819}.Release|x86.Deploy.0 = Release|x86
	EndGlobalSection
	GlobalSection(SolutionProperties) = preSolution
		HideSolutionNode = FALSE
	EndGlobalSection
EndGlobal
